
Microsoft Visual Studio Solution File, Format Version 12.00
# Visual Studio Version 17
VisualStudioVersion = 17.10.34818.151
MinimumVisualStudioVersion = 10.0.40219.1
Project("{FAE04EC0-301F-11D3-BF4B-00C04F79EFBC}") = "HTMLReportGenerator", "HTMLReportGenerator.csproj", "{D375EEFE-526E-42B7-9849-A3DAE8AC7BB7}"
EndProject
Global
	GlobalSection(SolutionConfigurationPlatforms) = preSolution
		Debug|Any CPU = Debug|Any CPU
		Release|Any CPU = Release|Any CPU
	EndGlobalSection
	GlobalSection(ProjectConfigurationPlatforms) = postSolution
		{D375EEFE-526E-42B7-9849-A3DAE8AC7BB7}.Debug|Any CPU.ActiveCfg = Debug|Any CPU
		{D375EEFE-526E-42B7-9849-A3DAE8AC7BB7}.Debug|Any CPU.Build.0 = Debug|Any CPU
		{D375EEFE-526E-42B7-9849-A3DAE8AC7BB7}.Release|Any CPU.ActiveCfg = Release|Any CPU
		{D375EEFE-526E-42B7-9849-A3DAE8AC7BB7}.Release|Any CPU.Build.0 = Release|Any CPU
	EndGlobalSection
	GlobalSection(SolutionProperties) = preSolution
		HideSolutionNode = FALSE
	EndGlobalSection
	GlobalSection(ExtensibilityGlobals) = postSolution
		SolutionGuid = {ED942D38-6041-4D8B-8400-0504FEE815CE}
	EndGlobalSection
EndGlobal
